
Microsoft Visual Studio Solution File, Format Version 12.00
Project("{FAE04EC0-301F-11D3-BF4B-00C04F79EFBC}") = "Extensions", "Extensions\Extensions.csproj", "{26AB592D-F445-4BDD-A924-02FCC0DB38B0}"
EndProject
Project("{FAE04EC0-301F-11D3-BF4B-00C04F79EFBC}") = "TestExtensions", "TestExtensions\TestExtensions.csproj", "{350AFEC8-CE6E-430C-8FB3-DBD3F3B4271A}"
EndProject
Global
	GlobalSection(SolutionConfigurationPlatforms) = preSolution
		Debug|Any CPU = Debug|Any CPU
		Release|Any CPU = Release|Any CPU
	EndGlobalSection
	GlobalSection(ProjectConfigurationPlatforms) = postSolution
		{26AB592D-F445-4BDD-A924-02FCC0DB38B0}.Debug|Any CPU.ActiveCfg = Debug|Any CPU
		{26AB592D-F445-4BDD-A924-02FCC0DB38B0}.Debug|Any CPU.Build.0 = Debug|Any CPU
		{26AB592D-F445-4BDD-A924-02FCC0DB38B0}.Release|Any CPU.ActiveCfg = Release|Any CPU
		{26AB592D-F445-4BDD-A924-02FCC0DB38B0}.Release|Any CPU.Build.0 = Release|Any CPU
		{350AFEC8-CE6E-430C-8FB3-DBD3F3B4271A}.Debug|Any CPU.ActiveCfg = Debug|Any CPU
		{350AFEC8-CE6E-430C-8FB3-DBD3F3B4271A}.Debug|Any CPU.Build.0 = Debug|Any CPU
		{350AFEC8-CE6E-430C-8FB3-DBD3F3B4271A}.Release|Any CPU.ActiveCfg = Release|Any CPU
		{350AFEC8-CE6E-430C-8FB3-DBD3F3B4271A}.Release|Any CPU.Build.0 = Release|Any CPU
	EndGlobalSection
EndGlobal
